
Microsoft Visual Studio Solution File, Format Version 12.00
Project("{2150E333-8FDC-42A3-9474-1A3956D46DE8}") = "dependencies", "dependencies", "{9E5BFBD4-AEF8-45F8-B3ED-FE0EBA079FC7}"
EndProject
Project("{2150E333-8FDC-42A3-9474-1A3956D46DE8}") = "src", "src", "{F55EBDD2-4749-4847-8EE3-88B0D54B948C}"
EndProject
Project("{FAE04EC0-301F-11D3-BF4B-00C04F79EFBC}") = "Net40.System.Private.CoreLib", "src\Net40.System.Private.CoreLib\Net40.System.Private.CoreLib.csproj", "{0BE8AC03-9637-4BE1-8552-086BE1BDE21A}"
EndProject
Project("{FAE04EC0-301F-11D3-BF4B-00C04F79EFBC}") = "Net40.Theraot.Core", "..\Net40.Theraot.Core\src\Net40.Theraot.Core\Net40.Theraot.Core.csproj", "{868D7589-87B6-47AD-8CC6-E4F856199FF2}"
EndProject
Project("{2150E333-8FDC-42A3-9474-1A3956D46DE8}") = "doc", "doc", "{1E78569E-145F-4E9A-A47B-ED876EA8AE3D}"
	ProjectSection(SolutionItems) = preProject
		README.md = README.md
	EndProjectSection
EndProject
Project("{FAE04EC0-301F-11D3-BF4B-00C04F79EFBC}") = "Net40.System.Net.Primitives", "src\Net40.System.Net.Primitives\Net40.System.Net.Primitives.csproj", "{C0E64CC2-926E-4DD4-A778-41153127C317}"
EndProject
Project("{FAE04EC0-301F-11D3-BF4B-00C04F79EFBC}") = "Net40.System.Net.NameResolution", "src\Net40.System.Net.NameResolution\Net40.System.Net.NameResolution.csproj", "{3DE6B515-6C0F-4054-B65B-00BA4753CCA7}"
EndProject
Project("{FAE04EC0-301F-11D3-BF4B-00C04F79EFBC}") = "Net40.System.Net.Sockets", "src\Net40.System.Net.Sockets\Net40.System.Net.Sockets.csproj", "{D6CBC98E-B6E4-4E14-B271-2AB743589F9E}"
EndProject
Project("{FAE04EC0-301F-11D3-BF4B-00C04F79EFBC}") = "Net40.System.Runtime.CompilerServices.Unsafe", "src\Net40.System.Runtime.CompilerServices.Unsafe\Net40.System.Runtime.CompilerServices.Unsafe.csproj", "{CDA957A4-CD1B-4F46-A878-63DB84D1C4AD}"
EndProject
Project("{FAE04EC0-301F-11D3-BF4B-00C04F79EFBC}") = "Net40.System.IO.Pipelines", "src\Net40.System.IO.Pipelines\Net40.System.IO.Pipelines.csproj", "{8989574A-B425-4D9A-AD08-E1104E05614E}"
EndProject
Project("{FAE04EC0-301F-11D3-BF4B-00C04F79EFBC}") = "Net40.System.Text.Encodings.Web", "src\Net40.System.Text.Encodings.Web\Net40.System.Text.Encodings.Web.csproj", "{3DE8E23F-BF0E-48A8-B4DA-5D656A74187C}"
EndProject
Project("{FAE04EC0-301F-11D3-BF4B-00C04F79EFBC}") = "Net40.System.Text.Json", "src\Net40.System.Text.Json\Net40.System.Text.Json.csproj", "{FBF58EF3-0667-4B4E-83D2-7F6316B82F5F}"
EndProject
Global
	GlobalSection(SolutionConfigurationPlatforms) = preSolution
		Debug|Any CPU = Debug|Any CPU
		Release|Any CPU = Release|Any CPU
	EndGlobalSection
	GlobalSection(ProjectConfigurationPlatforms) = postSolution
		{0BE8AC03-9637-4BE1-8552-086BE1BDE21A}.Debug|Any CPU.ActiveCfg = Debug|Any CPU
		{0BE8AC03-9637-4BE1-8552-086BE1BDE21A}.Debug|Any CPU.Build.0 = Debug|Any CPU
		{0BE8AC03-9637-4BE1-8552-086BE1BDE21A}.Release|Any CPU.ActiveCfg = Release|Any CPU
		{0BE8AC03-9637-4BE1-8552-086BE1BDE21A}.Release|Any CPU.Build.0 = Release|Any CPU
		{868D7589-87B6-47AD-8CC6-E4F856199FF2}.Debug|Any CPU.ActiveCfg = Debug|Any CPU
		{868D7589-87B6-47AD-8CC6-E4F856199FF2}.Debug|Any CPU.Build.0 = Debug|Any CPU
		{868D7589-87B6-47AD-8CC6-E4F856199FF2}.Release|Any CPU.ActiveCfg = Release|Any CPU
		{868D7589-87B6-47AD-8CC6-E4F856199FF2}.Release|Any CPU.Build.0 = Release|Any CPU
		{C0E64CC2-926E-4DD4-A778-41153127C317}.Debug|Any CPU.ActiveCfg = Debug|Any CPU
		{C0E64CC2-926E-4DD4-A778-41153127C317}.Debug|Any CPU.Build.0 = Debug|Any CPU
		{C0E64CC2-926E-4DD4-A778-41153127C317}.Release|Any CPU.ActiveCfg = Release|Any CPU
		{C0E64CC2-926E-4DD4-A778-41153127C317}.Release|Any CPU.Build.0 = Release|Any CPU
		{3DE6B515-6C0F-4054-B65B-00BA4753CCA7}.Debug|Any CPU.ActiveCfg = Debug|Any CPU
		{3DE6B515-6C0F-4054-B65B-00BA4753CCA7}.Debug|Any CPU.Build.0 = Debug|Any CPU
		{3DE6B515-6C0F-4054-B65B-00BA4753CCA7}.Release|Any CPU.ActiveCfg = Release|Any CPU
		{3DE6B515-6C0F-4054-B65B-00BA4753CCA7}.Release|Any CPU.Build.0 = Release|Any CPU
		{D6CBC98E-B6E4-4E14-B271-2AB743589F9E}.Debug|Any CPU.ActiveCfg = Debug|Any CPU
		{D6CBC98E-B6E4-4E14-B271-2AB743589F9E}.Debug|Any CPU.Build.0 = Debug|Any CPU
		{D6CBC98E-B6E4-4E14-B271-2AB743589F9E}.Release|Any CPU.ActiveCfg = Release|Any CPU
		{D6CBC98E-B6E4-4E14-B271-2AB743589F9E}.Release|Any CPU.Build.0 = Release|Any CPU
		{CDA957A4-CD1B-4F46-A878-63DB84D1C4AD}.Debug|Any CPU.ActiveCfg = Debug|Any CPU
		{CDA957A4-CD1B-4F46-A878-63DB84D1C4AD}.Debug|Any CPU.Build.0 = Debug|Any CPU
		{CDA957A4-CD1B-4F46-A878-63DB84D1C4AD}.Release|Any CPU.ActiveCfg = Release|Any CPU
		{CDA957A4-CD1B-4F46-A878-63DB84D1C4AD}.Release|Any CPU.Build.0 = Release|Any CPU
		{8989574A-B425-4D9A-AD08-E1104E05614E}.Debug|Any CPU.ActiveCfg = Debug|Any CPU
		{8989574A-B425-4D9A-AD08-E1104E05614E}.Debug|Any CPU.Build.0 = Debug|Any CPU
		{8989574A-B425-4D9A-AD08-E1104E05614E}.Release|Any CPU.ActiveCfg = Release|Any CPU
		{8989574A-B425-4D9A-AD08-E1104E05614E}.Release|Any CPU.Build.0 = Release|Any CPU
		{3DE8E23F-BF0E-48A8-B4DA-5D656A74187C}.Debug|Any CPU.ActiveCfg = Debug|Any CPU
		{3DE8E23F-BF0E-48A8-B4DA-5D656A74187C}.Debug|Any CPU.Build.0 = Debug|Any CPU
		{3DE8E23F-BF0E-48A8-B4DA-5D656A74187C}.Release|Any CPU.ActiveCfg = Release|Any CPU
		{3DE8E23F-BF0E-48A8-B4DA-5D656A74187C}.Release|Any CPU.Build.0 = Release|Any CPU
		{FBF58EF3-0667-4B4E-83D2-7F6316B82F5F}.Debug|Any CPU.ActiveCfg = Debug|Any CPU
		{FBF58EF3-0667-4B4E-83D2-7F6316B82F5F}.Debug|Any CPU.Build.0 = Debug|Any CPU
		{FBF58EF3-0667-4B4E-83D2-7F6316B82F5F}.Release|Any CPU.ActiveCfg = Release|Any CPU
		{FBF58EF3-0667-4B4E-83D2-7F6316B82F5F}.Release|Any CPU.Build.0 = Release|Any CPU
	EndGlobalSection
	GlobalSection(NestedProjects) = preSolution
		{0BE8AC03-9637-4BE1-8552-086BE1BDE21A} = {F55EBDD2-4749-4847-8EE3-88B0D54B948C}
		{868D7589-87B6-47AD-8CC6-E4F856199FF2} = {9E5BFBD4-AEF8-45F8-B3ED-FE0EBA079FC7}
		{C0E64CC2-926E-4DD4-A778-41153127C317} = {F55EBDD2-4749-4847-8EE3-88B0D54B948C}
		{3DE6B515-6C0F-4054-B65B-00BA4753CCA7} = {F55EBDD2-4749-4847-8EE3-88B0D54B948C}
		{D6CBC98E-B6E4-4E14-B271-2AB743589F9E} = {F55EBDD2-4749-4847-8EE3-88B0D54B948C}
		{CDA957A4-CD1B-4F46-A878-63DB84D1C4AD} = {F55EBDD2-4749-4847-8EE3-88B0D54B948C}
		{8989574A-B425-4D9A-AD08-E1104E05614E} = {F55EBDD2-4749-4847-8EE3-88B0D54B948C}
		{3DE8E23F-BF0E-48A8-B4DA-5D656A74187C} = {F55EBDD2-4749-4847-8EE3-88B0D54B948C}
		{FBF58EF3-0667-4B4E-83D2-7F6316B82F5F} = {F55EBDD2-4749-4847-8EE3-88B0D54B948C}
	EndGlobalSection
EndGlobal
